
Microsoft Visual Studio Solution File, Format Version 12.00
# Visual Studio Version 17
VisualStudioVersion = 17.5.33530.505
MinimumVisualStudioVersion = 10.0.40219.1
Project("{9A19103F-16F7-4668-BE54-9A1E7A4F7556}") = "Trade-machine-learning", "Trade-machine-learning.csproj", "{1C08A906-086F-4800-9969-2F605AC0ADDF}"
EndProject
Global
	GlobalSection(SolutionConfigurationPlatforms) = preSolution
		Debug|Any CPU = Debug|Any CPU
		Release|Any CPU = Release|Any CPU
	EndGlobalSection
	GlobalSection(ProjectConfigurationPlatforms) = postSolution
		{1C08A906-086F-4800-9969-2F605AC0ADDF}.Debug|Any CPU.ActiveCfg = Debug|Any CPU
		{1C08A906-086F-4800-9969-2F605AC0ADDF}.Debug|Any CPU.Build.0 = Debug|Any CPU
		{1C08A906-086F-4800-9969-2F605AC0ADDF}.Release|Any CPU.ActiveCfg = Release|Any CPU
		{1C08A906-086F-4800-9969-2F605AC0ADDF}.Release|Any CPU.Build.0 = Release|Any CPU
	EndGlobalSection
	GlobalSection(SolutionProperties) = preSolution
		HideSolutionNode = FALSE
	EndGlobalSection
	GlobalSection(ExtensibilityGlobals) = postSolution
		SolutionGuid = {E68E9049-AA5E-4751-BD53-B5681CD8FA56}
	EndGlobalSection
EndGlobal
